
Microsoft Visual Studio Solution File, Format Version 12.00
# Visual Studio Version 17
VisualStudioVersion = 17.0.31903.59
MinimumVisualStudioVersion = 10.0.40219.1
Project("{2150E333-8FDC-42A3-9474-1A3956D46DE8}") = "src", "src", "{827E0CD3-B72D-47B6-A68D-7590B98EB39B}"
EndProject
Project("{FAE04EC0-301F-11D3-BF4B-00C04F79EFBC}") = "Penghou.Luban", "src\Penghou.Luban\Penghou.Luban.csproj", "{565DB33C-55E1-4704-9854-DE6BDF79297C}"
EndProject
Project("{2150E333-8FDC-42A3-9474-1A3956D46DE8}") = "tests", "tests", "{0AB3BF05-4346-4AA6-1389-037BE0695223}"
EndProject
Project("{FAE04EC0-301F-11D3-BF4B-00C04F79EFBC}") = "Penghou.Luban.Tests", "tests\Penghou.Luban.Tests\Penghou.Luban.Tests.csproj", "{AB759573-573C-4108-BCC1-C64940442811}"
EndProject
Global
	GlobalSection(SolutionConfigurationPlatforms) = preSolution
		Debug|Any CPU = Debug|Any CPU
		Debug|x64 = Debug|x64
		Debug|x86 = Debug|x86
		Release|Any CPU = Release|Any CPU
		Release|x64 = Release|x64
		Release|x86 = Release|x86
	EndGlobalSection
	GlobalSection(ProjectConfigurationPlatforms) = postSolution
		{565DB33C-55E1-4704-9854-DE6BDF79297C}.Debug|Any CPU.ActiveCfg = Debug|Any CPU
		{565DB33C-55E1-4704-9854-DE6BDF79297C}.Debug|Any CPU.Build.0 = Debug|Any CPU
		{565DB33C-55E1-4704-9854-DE6BDF79297C}.Debug|x64.ActiveCfg = Debug|Any CPU
		{565DB33C-55E1-4704-9854-DE6BDF79297C}.Debug|x64.Build.0 = Debug|Any CPU
		{565DB33C-55E1-4704-9854-DE6BDF79297C}.Debug|x86.ActiveCfg = Debug|Any CPU
		{565DB33C-55E1-4704-9854-DE6BDF79297C}.Debug|x86.Build.0 = Debug|Any CPU
		{565DB33C-55E1-4704-9854-DE6BDF79297C}.Release|Any CPU.ActiveCfg = Release|Any CPU
		{565DB33C-55E1-4704-9854-DE6BDF79297C}.Release|Any CPU.Build.0 = Release|Any CPU
		{565DB33C-55E1-4704-9854-DE6BDF79297C}.Release|x64.ActiveCfg = Release|Any CPU
		{565DB33C-55E1-4704-9854-DE6BDF79297C}.Release|x64.Build.0 = Release|Any CPU
		{565DB33C-55E1-4704-9854-DE6BDF79297C}.Release|x86.ActiveCfg = Release|Any CPU
		{565DB33C-55E1-4704-9854-DE6BDF79297C}.Release|x86.Build.0 = Release|Any CPU
		{AB759573-573C-4108-BCC1-C64940442811}.Debug|Any CPU.ActiveCfg = Debug|Any CPU
		{AB759573-573C-4108-BCC1-C64940442811}.Debug|Any CPU.Build.0 = Debug|Any CPU
		{AB759573-573C-4108-BCC1-C64940442811}.Debug|x64.ActiveCfg = Debug|Any CPU
		{AB759573-573C-4108-BCC1-C64940442811}.Debug|x64.Build.0 = Debug|Any CPU
		{AB759573-573C-4108-BCC1-C64940442811}.Debug|x86.ActiveCfg = Debug|Any CPU
		{AB759573-573C-4108-BCC1-C64940442811}.Debug|x86.Build.0 = Debug|Any CPU
		{AB759573-573C-4108-BCC1-C64940442811}.Release|Any CPU.ActiveCfg = Release|Any CPU
		{AB759573-573C-4108-BCC1-C64940442811}.Release|Any CPU.Build.0 = Release|Any CPU
		{AB759573-573C-4108-BCC1-C64940442811}.Release|x64.ActiveCfg = Release|Any CPU
		{AB759573-573C-4108-BCC1-C64940442811}.Release|x64.Build.0 = Release|Any CPU
		{AB759573-573C-4108-BCC1-C64940442811}.Release|x86.ActiveCfg = Release|Any CPU
		{AB759573-573C-4108-BCC1-C64940442811}.Release|x86.Build.0 = Release|Any CPU
	EndGlobalSection
	GlobalSection(SolutionProperties) = preSolution
		HideSolutionNode = FALSE
	EndGlobalSection
	GlobalSection(NestedProjects) = preSolution
		{565DB33C-55E1-4704-9854-DE6BDF79297C} = {827E0CD3-B72D-47B6-A68D-7590B98EB39B}
		{AB759573-573C-4108-BCC1-C64940442811} = {0AB3BF05-4346-4AA6-1389-037BE0695223}
	EndGlobalSection
EndGlobal
